
Microsoft Visual Studio Solution File, Format Version 12.00
# Visual Studio 15
VisualStudioVersion = 15.0.27130.2036
MinimumVisualStudioVersion = 10.0.40219.1
Project("{FAE04EC0-301F-11D3-BF4B-00C04F79EFBC}") = "Components.Mailer", "Components.Mailer\Components.Mailer.csproj", "{4820F4E9-59D3-4044-93D6-F3E62B0A350B}"
EndProject
Global
	GlobalSection(SolutionConfigurationPlatforms) = preSolution
		Debug|Any CPU = Debug|Any CPU
		Release|Any CPU = Release|Any CPU
	EndGlobalSection
	GlobalSection(ProjectConfigurationPlatforms) = postSolution
		{4820F4E9-59D3-4044-93D6-F3E62B0A350B}.Debug|Any CPU.ActiveCfg = Debug|Any CPU
		{4820F4E9-59D3-4044-93D6-F3E62B0A350B}.Debug|Any CPU.Build.0 = Debug|Any CPU
		{4820F4E9-59D3-4044-93D6-F3E62B0A350B}.Release|Any CPU.ActiveCfg = Release|Any CPU
		{4820F4E9-59D3-4044-93D6-F3E62B0A350B}.Release|Any CPU.Build.0 = Release|Any CPU
	EndGlobalSection
	GlobalSection(SolutionProperties) = preSolution
		HideSolutionNode = FALSE
	EndGlobalSection
	GlobalSection(ExtensibilityGlobals) = postSolution
		SolutionGuid = {8F53821D-D9A4-48D5-B53D-C96E56D8119B}
	EndGlobalSection
EndGlobal
